wares:
  dotkeeper:
    repo: indium114/dotkeeper
    version: 2026.04.28-a
    asset: dotkeeper_Linux_x86_64
    digest: sha256:62de7bce4abd54280813b0fec4568f159071bdbbf133e2b789df4ba18b2d867a
    system: false
  fastcards:
    repo: indium114/fastcards
    version: 2026.04.28-a
    asset: fastcards_Linux_x86_64
    digest: sha256:6ac53ef3d88b788d429d5b4de4a2738abcba7682be611bf26c6523074c781dab
    system: false
  gh:
    repo: cli/cli
    version: v2.92.0
    asset: gh_2.92.0_linux_amd64.tar.gz
    digest: sha256:b57848131bdf0c229cd35e1f2a51aa718199858b2e728410b37e89a428943ec4
    system: false
  hocusfocus:
    repo: indium114/hocusfocus
    version: 2026.04.28-a
    asset: hocusfocus_Linux_x86_64
    digest: sha256:9439a87c0307cd57847218a6d906f65042e551cdbed1c9029fc69ef26295b92c
    system: false
  hx:
    repo: helix-editor/helix
    version: 25.07.1
    asset: helix-25.07.1-x86_64.AppImage
    digest: sha256:0d00848ca858e415a4b4a90612702a35aa491421c658c45a06774a265bc4c4f6
    system: false
  hx-fork:
    repo: gj1118/helix
    version: 25.10.20
    asset: helix-linux-x86_64.tar.gz
    digest: sha256:b6538ac2f50d191d50be6b0a7e7073e53ade1a7379e820a7729857ab9362c43e
    system: false
  keepassxc:
    repo: keepassxreboot/keepassxc
    version: 2.7.12
    asset: KeePassXC-2.7.12-x86_64.AppImage
    digest: sha256:564fe8b751b9ef7aa057e4d3d0b2878db24eaa0f6b1c855c82e699ab0913ae49
    system: false
  lazygit:
    repo: jesseduffield/lazygit
    version: v0.62.0
    asset: lazygit_0.62.0_linux_x86_64.tar.gz
    digest: sha256:c57dd766436a42c2da52c3138034f55ca6d8bb935983ee8ae272f0d0386aca6a
    system: false
  libresprite:
    repo: libresprite/libresprite
    version: v1.1
    asset: libresprite-development-linux-x86_64.zip
    digest: sha256:19e08b852c76216ff6b890d837cc24ae54cf476a715d35ee7f030c845f2ccf83
    system: false
  markdown-oxide:
    repo: feel-ix-343/markdown-oxide
    version: v0.25.10
    asset: markdown-oxide-v0.25.10-x86_64-unknown-linux-gnu
    digest: sha256:97fe937194e0cd83cd7cd3fdc557c219cd13986364c39fb9439ef93d2ebcedce
    system: false
  mindustry:
    repo: anuken/mindustry
    version: v158.1
    asset: Mindustry.jar
    digest: sha256:5fe75304b0574ff9b481e67c6a9475314008bc1148b61add5cbd3fccb08ae4e5
    system: false
  osu!:
    repo: ppy/osu
    version: 2026.518.0-lazer
    asset: osu.AppImage
    digest: sha256:e0b2cd8eb284052efb2c86eaf8ee97a718fa0afb9f18302936ab3ad473762660
    system: false
  pricetag:
    repo: indium114/pricetag
    version: 2026.04.28-a
    asset: pricetag_Linux_x86_64
    digest: sha256:59f3a8d1e3c812fe60c30c368a94da485c71724fd65f037c8722f2cc4ae81a64
    system: false
  prismlauncher:
    repo: prismlauncher/prismlauncher
    version: 11.0.2
    asset: PrismLauncher-Linux-x86_64.AppImage
    digest: sha256:3c54d593bfc1337de5ce12dd17921fc618c2de2a303f6ffe9ed9f45a656c081e
    system: false
  recall:
    repo: indium114/recall
    version: 2026.05.15-a
    asset: recall_Linux_x86_64
    digest: sha256:6d69f85227b0a2d26fec3fce71bd81f845d1ba566af14bcf6443b240aea923a3
    system: false
  sheets:
    repo: maaslalani/sheets
    version: v0.2.0
    asset: sheets_Linux_x86_64.tar.gz
    digest: sha256:5868d162a2df4771cd36122ae8e608ca7afca3d38774b2d17e9727db816e9c69
    system: false
  tv:
    repo: alexpasmantier/television
    version: 0.15.7
    asset: tv-0.15.7-x86_64-unknown-linux-musl.tar.gz
    digest: sha256:da70438c6bcaf1f465115575678953138dde897609ff8db23b4a19ebab965e1c
    system: false
  wares:
    repo: indium114/wares
    version: 0.8.2
    asset: wares_Linux_x86_64
    digest: sha256:3379cd6e40dfaf2aa0c2d925ced501bea1facfa178317ce9b70d661d7317d701
    system: false
  yazi:
    repo: sxyazi/yazi
    version: v26.5.6
    asset: yazi-x86_64-unknown-linux-musl.zip
    digest: sha256:1031a02560d053301537195a6661d227c15cb4ce5c30481050b31e2b88681bff
    system: false
blueprints:
  pkgit:
    repo: https://git.symlinx.net/pkgit
    commit: f2dec056860d6f6d24952d222d9d6727bb6f2430
    builtcommit: f2dec056860d6f6d24952d222d9d6727bb6f2430
    artifacts:
    - pkgit
    system: false
  termfarm:
    repo: https://github.com/indium114/termfarm
    commit: c3c142b1f607217b02cc2bd2714d70da664ec1e4
    builtcommit: c3c142b1f607217b02cc2bd2714d70da664ec1e4
    artifacts:
    - .build/release/termfarm
    system: false
  wares-git:
    repo: https://github.com/indium114/wares
    commit: d69b2f1b4ef8cccb36e0783b9e5e6a4e59b9eb6c
    builtcommit: d69b2f1b4ef8cccb36e0783b9e5e6a4e59b9eb6c
    artifacts:
    - wares-git
    system: false
managers:
  brew:
  - fzf
  - fd
  - croc
  - gum
  - zoxide
  - eza
  - tlrc
  - delta
  - ncdu
  - luarocks
  - ripgrep
  - starship
  - btop
  - bat
  - fastfetch
  - ytsurf
  - nushell
  - typst
  - yamllint
  - tree-sitter-cli
  - television
  - pipes-sh
  - lua-language-server
  - pandoc
  - luacheck
  - just
  - glow
  - gopls
  - yamlfmt
  - jujutsu
  - aria2
  - forgejo-cli
  - java
  - swift
  deb:
  - figlet
  - tmux
  - libfuse2
  - pkg-config
  - nala
  - flatpak
  - libssl-dev
  - libxml2-dev
  - libcurl4-openssl-dev
  - zathura
  - zathura-pdf-poppler
  - zathura-djvu
  - vlc
  - libluajit-5.1-dev
  - liblua5.4-dev
  - libreoffice-writer
  - rustup
  - dino-im
  - gnuplot
  go:
  - github.com/indium114/theatre@latest
  - github.com/spf13/cobra-cli@latest
  - github.com/indium114/satchel@latest
  - github.com/indium114/jots@latest
