wares:
  dotkeeper:
    repo: indium114/dotkeeper
    version: 2026.04.28-a
    asset: dotkeeper_Linux_x86_64
    digest: sha256:62de7bce4abd54280813b0fec4568f159071bdbbf133e2b789df4ba18b2d867a
  fastcards:
    repo: indium114/fastcards
    version: 2026.04.28-a
    asset: fastcards_Linux_x86_64
    digest: sha256:6ac53ef3d88b788d429d5b4de4a2738abcba7682be611bf26c6523074c781dab
  gh:
    repo: cli/cli
    version: v2.92.0
    asset: gh_2.92.0_linux_amd64.tar.gz
    digest: sha256:b57848131bdf0c229cd35e1f2a51aa718199858b2e728410b37e89a428943ec4
  hocusfocus:
    repo: indium114/hocusfocus
    version: 2026.04.28-a
    asset: hocusfocus_Linux_x86_64
    digest: sha256:9439a87c0307cd57847218a6d906f65042e551cdbed1c9029fc69ef26295b92c
  hx:
    repo: helix-editor/helix
    version: 25.07.1
    asset: helix-25.07.1-x86_64.AppImage
    digest: sha256:0d00848ca858e415a4b4a90612702a35aa491421c658c45a06774a265bc4c4f6
  lazygit:
    repo: jesseduffield/lazygit
    version: v0.61.1
    asset: lazygit_0.61.1_linux_x86_64.tar.gz
    digest: sha256:1b91e660700f2332696726b635202576b543e2bc49b639830dccd26bc5160d5d
  libresprite:
    repo: libresprite/libresprite
    version: v1.1
    asset: libresprite-development-linux-x86_64.zip
    digest: sha256:19e08b852c76216ff6b890d837cc24ae54cf476a715d35ee7f030c845f2ccf83
  pricetag:
    repo: indium114/pricetag
    version: 2026.04.28-a
    asset: pricetag_Linux_x86_64
    digest: sha256:59f3a8d1e3c812fe60c30c368a94da485c71724fd65f037c8722f2cc4ae81a64
  wares:
    repo: indium114/wares
    version: 0.6.1
    asset: wares_Linux_x86_64
    digest: sha256:58e9d935528bf5b93b36e8cdca737830d8902425abb23b298348731310856c33
  yazi:
    repo: sxyazi/yazi
    version: v26.5.6
    asset: yazi-x86_64-unknown-linux-musl.zip
    digest: sha256:1031a02560d053301537195a6661d227c15cb4ce5c30481050b31e2b88681bff
blueprints:
  pkgit:
    repo: https://git.symlinx.net/pkgit
    commit: 83d471f2c1d1b1fa6be51f41e4f1c36ab19d7094
    artifacts:
    - pkgit
  recall:
    repo: https://github.com/indium114/recall
    commit: 2d78972a2a4d06daf003ef391692b963055059e5
    artifacts:
    - recall
  wares-git:
    repo: https://github.com/indium114/wares
    commit: e60fce9e52b95e8bf1d1913296f9d9feaf6f6ef4
    artifacts:
    - wares-git
managers:
  brew:
  - fzf
  - fd
  - croc
  - gum
  - zoxide
  - eza
  - tlrc
  - delta
  - ncdu
  - luarocks
  - ripgrep
  - starship
  - btop
  - ruby
  - bat
  - fastfetch
  - ytsurf
  - nushell
  - typst
  - yamllint
  - tree-sitter-cli
  - television
  - pipes-sh
  - lua-language-server
  - pandoc
  - luacheck
  - just
  - glow
  - charmbracelet/tap/freeze
  - gopls
  - yamlfmt
  - marksman
  - jujutsu
  - aria2
  - forgejo-cli
  deb:
  - figlet
  - tmux
  - libfuse2
  - pkg-config
  - nala
  - flatpak
  - libssl-dev
  - libxml2-dev
  - libcurl4-openssl-dev
  - zathura
  - zathura-pdf-poppler
  - zathura-djvu
  - vlc
  - libluajit-5.1-dev
  - liblua5.4-dev
  - libreoffice-writer
  go:
  - github.com/indium114/theatre@latest
  - github.com/spf13/cobra-cli@latest
  - github.com/indium114/satchel@latest
  - github.com/indium114/jots@latest
