wares:
  dotkeeper:
    repo: indium114/dotkeeper
    version: 2026.06.03-a
    asset: dotkeeper_Linux_x86_64
    digest: sha256:dfdf7522267babaf5e9183e7133b588c81c84dcfa60cad1943f42993b5af7fc0
    system: false
  fastcards:
    repo: indium114/fastcards
    version: 2026.04.28-a
    asset: fastcards_Linux_x86_64
    digest: sha256:6ac53ef3d88b788d429d5b4de4a2738abcba7682be611bf26c6523074c781dab
    system: false
  gh:
    repo: cli/cli
    version: v2.93.0
    asset: gh_2.93.0_linux_amd64.tar.gz
    digest: sha256:02d1290eba130e0b896f3709ffff22e1c75a51475ddb70476a85abc6b5807af0
    system: false
  glow:
    repo: charmbracelet/glow
    version: v2.1.2
    asset: glow_2.1.2_Linux_x86_64.tar.gz
    digest: sha256:6063d4f2af8a82a5f4bba0831e165de9381660aa8b41df4816d0106a265b07d5
    system: false
  helium:
    repo: imputnet/helium-linux
    version: 0.12.5.1
    asset: helium-0.12.5.1-x86_64.AppImage
    digest: sha256:b9465ab8dada957ea46ad9a73bd5432c4b3e77e1c88648e4795dfa0f0d9e5263
    system: false
  hocusfocus:
    repo: indium114/hocusfocus
    version: 2026.04.28-a
    asset: hocusfocus_Linux_x86_64
    digest: sha256:9439a87c0307cd57847218a6d906f65042e551cdbed1c9029fc69ef26295b92c
    system: false
  hx:
    repo: helix-editor/helix
    version: 25.07.1
    asset: helix-25.07.1-x86_64.AppImage
    digest: sha256:0d00848ca858e415a4b4a90612702a35aa491421c658c45a06774a265bc4c4f6
    system: false
  hx-fork:
    repo: gj1118/helix
    version: 25.10.20
    asset: helix-linux-x86_64.tar.gz
    digest: sha256:b6538ac2f50d191d50be6b0a7e7073e53ade1a7379e820a7729857ab9362c43e
    system: false
  jots:
    repo: indium114/jots
    version: 2026.04.28-a
    asset: jots_Linux_x86_64
    digest: sha256:0bdb6be653569f8dae3b53f2b548b3d20e16fca0c4de7e151b83d068627905b0
    system: false
  just:
    repo: casey/just
    version: 1.51.0
    asset: just-1.51.0-x86_64-unknown-linux-musl.tar.gz
    digest: sha256:c8f085ca3e885723c341d06243fc291b5abfdc8bbe3b2c076b117de490387b59
    system: false
  keepassxc:
    repo: keepassxreboot/keepassxc
    version: 2.7.12
    asset: KeePassXC-2.7.12-x86_64.AppImage
    digest: sha256:564fe8b751b9ef7aa057e4d3d0b2878db24eaa0f6b1c855c82e699ab0913ae49
    system: false
  lazygit:
    repo: jesseduffield/lazygit
    version: v0.62.2
    asset: lazygit_0.62.2_linux_x86_64.tar.gz
    digest: sha256:8b9a4c2d0969cbea92b45c956dd2a44e1ba76900c9df49f1c60984045ce77984
    system: false
  libresprite:
    repo: libresprite/libresprite
    version: v1.1
    asset: libresprite-development-linux-x86_64.zip
    digest: sha256:19e08b852c76216ff6b890d837cc24ae54cf476a715d35ee7f030c845f2ccf83
    system: false
  markdown-oxide:
    repo: feel-ix-343/markdown-oxide
    version: v0.25.10
    asset: markdown-oxide-v0.25.10-x86_64-unknown-linux-gnu
    digest: sha256:97fe937194e0cd83cd7cd3fdc557c219cd13986364c39fb9439ef93d2ebcedce
    system: false
  nu:
    repo: nushell/nushell
    version: 0.113.1
    asset: nu-0.113.1-x86_64-unknown-linux-musl.tar.gz
    digest: sha256:7faea21f8a49edf760c7bb9267f7702827937b19fc7dce412716b1cacbf38ae7
    system: true
  pricetag:
    repo: indium114/pricetag
    version: 2026.06.07-a
    asset: pricetag_Linux_x86_64
    digest:
    system: false
  prismlauncher:
    repo: prismlauncher/prismlauncher
    version: 11.0.2
    asset: PrismLauncher-Linux-x86_64.AppImage
    digest: sha256:3c54d593bfc1337de5ce12dd17921fc618c2de2a303f6ffe9ed9f45a656c081e
    system: false
  recall:
    repo: indium114/recall
    version: 2026.05.15-a
    asset: recall_Linux_x86_64
    digest: sha256:6d69f85227b0a2d26fec3fce71bd81f845d1ba566af14bcf6443b240aea923a3
    system: false
  satchel:
    repo: indium114/satchel
    version: 2026.04.28-a
    asset: satchel_Linux_x86_64
    digest: sha256:30dca4878d5847db3b326aef75e1af071d9fe0c677236d0b3b16740525a72a86
    system: false
  sheets:
    repo: maaslalani/sheets
    version: v0.2.0
    asset: sheets_Linux_x86_64.tar.gz
    digest: sha256:5868d162a2df4771cd36122ae8e608ca7afca3d38774b2d17e9727db816e9c69
    system: false
  theatre:
    repo: indium114/theatre
    version: 2026.02.24-a
    asset: theatre_Linux_x86_64
    digest: sha256:529531fa88f75b0b53e137b5b04b10648b9110b7570060d79fef1fd4698a7f55
    system: false
  tv:
    repo: alexpasmantier/television
    version: 0.15.7
    asset: tv-0.15.7-x86_64-unknown-linux-musl.tar.gz
    digest: sha256:da70438c6bcaf1f465115575678953138dde897609ff8db23b4a19ebab965e1c
    system: false
  wares:
    repo: indium114/wares
    version: 0.8.8
    asset: wares_Linux_x86_64
    digest:
    system: false
  yazi:
    repo: sxyazi/yazi
    version: v26.5.6
    asset: yazi-x86_64-unknown-linux-musl.zip
    digest: sha256:1031a02560d053301537195a6661d227c15cb4ce5c30481050b31e2b88681bff
    system: false
blueprints:
  fetchit:
    repo: https://codeberg.org/nzuum/fetchit
    commit: 25fd005f39087ba6b41bdf897b0ca4063dfb4def
    builtcommit: 25fd005f39087ba6b41bdf897b0ca4063dfb4def
    artifacts:
    - build/fetchit
    system: false
  pkgit:
    repo: https://git.symlinx.net/pkgit
    commit: 978c683301d1a600e05f69e1f934e330e3c68624
    builtcommit: 978c683301d1a600e05f69e1f934e330e3c68624
    artifacts:
    - pkgit
    system: false
  termfarm:
    repo: https://github.com/indium114/termfarm
    commit: 418d3a509e54d107c98a24a5e9180522515881c2
    builtcommit: 418d3a509e54d107c98a24a5e9180522515881c2
    artifacts:
    - .build/release/termfarm
    system: false
  wares-git:
    repo: https://github.com/indium114/wares
    commit: 0cac65054e5f0b860d8b064472a399fab5cf16d2
    builtcommit: 0cac65054e5f0b860d8b064472a399fab5cf16d2
    artifacts:
    - wares-git
    system: false
managers:
  brew:
  - fzf
  - fd
  - croc
  - gum
  - zoxide
  - eza
  - tlrc
  - delta
  - ncdu
  - luarocks
  - ripgrep
  - starship
  - btop
  - bat
  - fastfetch
  - ytsurf
  - typst
  - yamllint
  - tree-sitter-cli
  - television
  - pipes-sh
  - lua-language-server
  - pandoc
  - luacheck
  - gopls
  - yamlfmt
  - aria2
  - swift
  deb:
  - figlet
  - tmux
  - libfuse2
  - pkg-config
  - nala
  - flatpak
  - libssl-dev
  - libxml2-dev
  - libcurl4-openssl-dev
  - zathura
  - zathura-pdf-poppler
  - zathura-djvu
  - libluajit-5.1-dev
  - liblua5.4-dev
  - libreoffice-writer
  - dino-im
  - gnuplot
  - docker-cli
  - docker-compose
  - docker.io
  - libopengl0
  go:
  - github.com/spf13/cobra-cli@latest
